
Microsoft Visual Studio Solution File, Format Version 12.00
# Visual Studio Version 16
VisualStudioVersion = 16.0.29123.88
MinimumVisualStudioVersion = 15.0.26124.0
Project("{2150E333-8FDC-42A3-9474-1A3956D46DE8}") = "01.QuickStart", "01.QuickStart", "{178F80A0-35A4-11E9-845F-E393FA6A2B6E}"
EndProject
Project("{9A19103F-16F7-4668-BE54-9A1E7A4F7556}") = "QuickStart.ServiceDefinition", "01.QuickStart\QuickStart.ServiceDefinition\QuickStart.ServiceDefinition.csproj", "{5C133E0A-8A3B-48D6-AA7B-312FFE20573C}"
EndProject
Project("{9A19103F-16F7-4668-BE54-9A1E7A4F7556}") = "QuickStart.Server", "01.QuickStart\QuickStart.Server\QuickStart.Server.csproj", "{605F55F8-4C55-4BA7-AFC8-F46EC2A6868E}"
EndProject
Project("{9A19103F-16F7-4668-BE54-9A1E7A4F7556}") = "QuickStart.Client", "01.QuickStart\QuickStart.Client\QuickStart.Client.csproj", "{BA1F5800-D2DE-4720-9DFF-40DB76E49B28}"
EndProject
Project("{2150E333-8FDC-42A3-9474-1A3956D46DE8}") = "02.JsonSerializer", "02.JsonSerializer", "{D47F0B2F-0C54-4E07-9617-A884A6DE6FCA}"
EndProject
Project("{2150E333-8FDC-42A3-9474-1A3956D46DE8}") = "03.ProtobufSerializer", "03.ProtobufSerializer", "{33325085-F066-46C2-9507-AC287002D247}"
EndProject
Project("{2150E333-8FDC-42A3-9474-1A3956D46DE8}") = "04.HttpService", "04.HttpService", "{FCB6595A-106A-4AE5-A409-D341CE977AC0}"
EndProject
Project("{2150E333-8FDC-42A3-9474-1A3956D46DE8}") = "90.Survey", "90.Survey", "{B79DA49F-48B2-471C-8B53-E1274E61F568}"
EndProject
Project("{2150E333-8FDC-42A3-9474-1A3956D46DE8}") = "06.ConsulServiceDescovery", "06.ConsulServiceDescovery", "{C537323F-E558-4AAE-B694-6665909FF905}"
EndProject
Project("{9A19103F-16F7-4668-BE54-9A1E7A4F7556}") = "Math.ServiceDefinition", "02.JsonSerializer\Math.ServiceDefinition\Math.ServiceDefinition.csproj", "{58FDC014-D5CC-4FA3-9568-EA73739F1E7B}"
EndProject
Project("{9A19103F-16F7-4668-BE54-9A1E7A4F7556}") = "Math.Server", "02.JsonSerializer\Math.Server\Math.Server.csproj", "{0963F6CE-0757-4A68-9E27-90DC43C1FD0F}"
EndProject
Project("{9A19103F-16F7-4668-BE54-9A1E7A4F7556}") = "Math.Client", "02.JsonSerializer\Math.Client\Math.Client.csproj", "{019D0595-0143-4CC5-9BCD-920F274B0D31}"
EndProject
Project("{2150E333-8FDC-42A3-9474-1A3956D46DE8}") = "protos", "protos", "{0A039E04-29E6-433B-8BF8-22DF5546D751}"
	ProjectSection(SolutionItems) = preProject
		03.ProtobufSerializer\protos\Tomato_option.proto = 03.ProtobufSerializer\protos\Tomato_option.proto
	EndProjectSection
EndProject
Project("{2150E333-8FDC-42A3-9474-1A3956D46DE8}") = "scripts", "scripts", "{25B26BAE-67EF-4493-A5A3-39DE630747A6}"
	ProjectSection(SolutionItems) = preProject
		03.ProtobufSerializer\scripts\Tomato-amp-link = 03.ProtobufSerializer\scripts\Tomato-amp-link
		03.ProtobufSerializer\scripts\Tomato-amp-link.cmd = 03.ProtobufSerializer\scripts\Tomato-amp-link.cmd
		03.ProtobufSerializer\scripts\gen-code.sh = 03.ProtobufSerializer\scripts\gen-code.sh
	EndProjectSection
EndProject
Project("{9A19103F-16F7-4668-BE54-9A1E7A4F7556}") = "Math.ServiceDefinition", "03.ProtobufSerializer\Math.ServiceDefinition\Math.ServiceDefinition.csproj", "{ABF81465-F36F-42D1-9800-4803334E21A6}"
EndProject
Project("{9A19103F-16F7-4668-BE54-9A1E7A4F7556}") = "Math.Server", "03.ProtobufSerializer\Math.Server\Math.Server.csproj", "{EDA45A80-A7E5-435B-A8F0-997BFC4FA265}"
EndProject
Project("{9A19103F-16F7-4668-BE54-9A1E7A4F7556}") = "Math.Client", "03.ProtobufSerializer\Math.Client\Math.Client.csproj", "{849A560C-4BA1-4B6D-B3BC-97A99162DC91}"
EndProject
Project("{9A19103F-16F7-4668-BE54-9A1E7A4F7556}") = "Math.ServiceDefinition", "04.HttpService\Math.ServiceDefinition\Math.ServiceDefinition.csproj", "{D98F32A5-EFD2-4033-8BA6-1C67EF57918D}"
EndProject
Project("{9A19103F-16F7-4668-BE54-9A1E7A4F7556}") = "Math.HttpServer", "04.HttpService\Math.HttpServer\Math.HttpServer.csproj", "{875C0F3C-58C5-403E-B12D-9899BCEE41D2}"
EndProject
Project("{2150E333-8FDC-42A3-9474-1A3956D46DE8}") = "05.HttpServiceWithSwagger", "05.HttpServiceWithSwagger", "{077A626C-44DD-41D9-971B-3D429A0E9645}"
EndProject
Project("{9A19103F-16F7-4668-BE54-9A1E7A4F7556}") = "SwaggerSample.HttpServer", "05.HttpServiceWithSwagger\SwaggerSample.HttpServer\SwaggerSample.HttpServer.csproj", "{70042FED-EDD0-44E2-ABBD-1BC95E9CCEEA}"
EndProject
Project("{9A19103F-16F7-4668-BE54-9A1E7A4F7556}") = "SwaggerSample.ServiceDefinition", "05.HttpServiceWithSwagger\SwaggerSample.ServiceDefinition\SwaggerSample.ServiceDefinition.csproj", "{63BBA02D-8E5E-42FC-B556-D7371FBD3C4E}"
EndProject
Global
	GlobalSection(SolutionConfigurationPlatforms) = preSolution
		Debug|Any CPU = Debug|Any CPU
		Debug|x64 = Debug|x64
		Debug|x86 = Debug|x86
		Release|Any CPU = Release|Any CPU
		Release|x64 = Release|x64
		Release|x86 = Release|x86
	EndGlobalSection
	GlobalSection(ProjectConfigurationPlatforms) = postSolution
		{5C133E0A-8A3B-48D6-AA7B-312FFE20573C}.Debug|Any CPU.ActiveCfg = Debug|Any CPU
		{5C133E0A-8A3B-48D6-AA7B-312FFE20573C}.Debug|Any CPU.Build.0 = Debug|Any CPU
		{5C133E0A-8A3B-48D6-AA7B-312FFE20573C}.Debug|x64.ActiveCfg = Debug|Any CPU
		{5C133E0A-8A3B-48D6-AA7B-312FFE20573C}.Debug|x64.Build.0 = Debug|Any CPU
		{5C133E0A-8A3B-48D6-AA7B-312FFE20573C}.Debug|x86.ActiveCfg = Debug|Any CPU
		{5C133E0A-8A3B-48D6-AA7B-312FFE20573C}.Debug|x86.Build.0 = Debug|Any CPU
		{5C133E0A-8A3B-48D6-AA7B-312FFE20573C}.Release|Any CPU.ActiveCfg = Release|Any CPU
		{5C133E0A-8A3B-48D6-AA7B-312FFE20573C}.Release|Any CPU.Build.0 = Release|Any CPU
		{5C133E0A-8A3B-48D6-AA7B-312FFE20573C}.Release|x64.ActiveCfg = Release|Any CPU
		{5C133E0A-8A3B-48D6-AA7B-312FFE20573C}.Release|x64.Build.0 = Release|Any CPU
		{5C133E0A-8A3B-48D6-AA7B-312FFE20573C}.Release|x86.ActiveCfg = Release|Any CPU
		{5C133E0A-8A3B-48D6-AA7B-312FFE20573C}.Release|x86.Build.0 = Release|Any CPU
		{605F55F8-4C55-4BA7-AFC8-F46EC2A6868E}.Debug|Any CPU.ActiveCfg = Debug|Any CPU
		{605F55F8-4C55-4BA7-AFC8-F46EC2A6868E}.Debug|Any CPU.Build.0 = Debug|Any CPU
		{605F55F8-4C55-4BA7-AFC8-F46EC2A6868E}.Debug|x64.ActiveCfg = Debug|Any CPU
		{605F55F8-4C55-4BA7-AFC8-F46EC2A6868E}.Debug|x64.Build.0 = Debug|Any CPU
		{605F55F8-4C55-4BA7-AFC8-F46EC2A6868E}.Debug|x86.ActiveCfg = Debug|Any CPU
		{605F55F8-4C55-4BA7-AFC8-F46EC2A6868E}.Debug|x86.Build.0 = Debug|Any CPU
		{605F55F8-4C55-4BA7-AFC8-F46EC2A6868E}.Release|Any CPU.ActiveCfg = Release|Any CPU
		{605F55F8-4C55-4BA7-AFC8-F46EC2A6868E}.Release|Any CPU.Build.0 = Release|Any CPU
		{605F55F8-4C55-4BA7-AFC8-F46EC2A6868E}.Release|x64.ActiveCfg = Release|Any CPU
		{605F55F8-4C55-4BA7-AFC8-F46EC2A6868E}.Release|x64.Build.0 = Release|Any CPU
		{605F55F8-4C55-4BA7-AFC8-F46EC2A6868E}.Release|x86.ActiveCfg = Release|Any CPU
		{605F55F8-4C55-4BA7-AFC8-F46EC2A6868E}.Release|x86.Build.0 = Release|Any CPU
		{BA1F5800-D2DE-4720-9DFF-40DB76E49B28}.Debug|Any CPU.ActiveCfg = Debug|Any CPU
		{BA1F5800-D2DE-4720-9DFF-40DB76E49B28}.Debug|Any CPU.Build.0 = Debug|Any CPU
		{BA1F5800-D2DE-4720-9DFF-40DB76E49B28}.Debug|x64.ActiveCfg = Debug|Any CPU
		{BA1F5800-D2DE-4720-9DFF-40DB76E49B28}.Debug|x64.Build.0 = Debug|Any CPU
		{BA1F5800-D2DE-4720-9DFF-40DB76E49B28}.Debug|x86.ActiveCfg = Debug|Any CPU
		{BA1F5800-D2DE-4720-9DFF-40DB76E49B28}.Debug|x86.Build.0 = Debug|Any CPU
		{BA1F5800-D2DE-4720-9DFF-40DB76E49B28}.Release|Any CPU.ActiveCfg = Release|Any CPU
		{BA1F5800-D2DE-4720-9DFF-40DB76E49B28}.Release|Any CPU.Build.0 = Release|Any CPU
		{BA1F5800-D2DE-4720-9DFF-40DB76E49B28}.Release|x64.ActiveCfg = Release|Any CPU
		{BA1F5800-D2DE-4720-9DFF-40DB76E49B28}.Release|x64.Build.0 = Release|Any CPU
		{BA1F5800-D2DE-4720-9DFF-40DB76E49B28}.Release|x86.ActiveCfg = Release|Any CPU
		{BA1F5800-D2DE-4720-9DFF-40DB76E49B28}.Release|x86.Build.0 = Release|Any CPU
		{58FDC014-D5CC-4FA3-9568-EA73739F1E7B}.Debug|Any CPU.ActiveCfg = Debug|Any CPU
		{58FDC014-D5CC-4FA3-9568-EA73739F1E7B}.Debug|Any CPU.Build.0 = Debug|Any CPU
		{58FDC014-D5CC-4FA3-9568-EA73739F1E7B}.Debug|x64.ActiveCfg = Debug|Any CPU
		{58FDC014-D5CC-4FA3-9568-EA73739F1E7B}.Debug|x64.Build.0 = Debug|Any CPU
		{58FDC014-D5CC-4FA3-9568-EA73739F1E7B}.Debug|x86.ActiveCfg = Debug|Any CPU
		{58FDC014-D5CC-4FA3-9568-EA73739F1E7B}.Debug|x86.Build.0 = Debug|Any CPU
		{58FDC014-D5CC-4FA3-9568-EA73739F1E7B}.Release|Any CPU.ActiveCfg = Release|Any CPU
		{58FDC014-D5CC-4FA3-9568-EA73739F1E7B}.Release|Any CPU.Build.0 = Release|Any CPU
		{58FDC014-D5CC-4FA3-9568-EA73739F1E7B}.Release|x64.ActiveCfg = Release|Any CPU
		{58FDC014-D5CC-4FA3-9568-EA73739F1E7B}.Release|x64.Build.0 = Release|Any CPU
		{58FDC014-D5CC-4FA3-9568-EA73739F1E7B}.Release|x86.ActiveCfg = Release|Any CPU
		{58FDC014-D5CC-4FA3-9568-EA73739F1E7B}.Release|x86.Build.0 = Release|Any CPU
		{0963F6CE-0757-4A68-9E27-90DC43C1FD0F}.Debug|Any CPU.ActiveCfg = Debug|Any CPU
		{0963F6CE-0757-4A68-9E27-90DC43C1FD0F}.Debug|Any CPU.Build.0 = Debug|Any CPU
		{0963F6CE-0757-4A68-9E27-90DC43C1FD0F}.Debug|x64.ActiveCfg = Debug|Any CPU
		{0963F6CE-0757-4A68-9E27-90DC43C1FD0F}.Debug|x64.Build.0 = Debug|Any CPU
		{0963F6CE-0757-4A68-9E27-90DC43C1FD0F}.Debug|x86.ActiveCfg = Debug|Any CPU
		{0963F6CE-0757-4A68-9E27-90DC43C1FD0F}.Debug|x86.Build.0 = Debug|Any CPU
		{0963F6CE-0757-4A68-9E27-90DC43C1FD0F}.Release|Any CPU.ActiveCfg = Release|Any CPU
		{0963F6CE-0757-4A68-9E27-90DC43C1FD0F}.Release|Any CPU.Build.0 = Release|Any CPU
		{0963F6CE-0757-4A68-9E27-90DC43C1FD0F}.Release|x64.ActiveCfg = Release|Any CPU
		{0963F6CE-0757-4A68-9E27-90DC43C1FD0F}.Release|x64.Build.0 = Release|Any CPU
		{0963F6CE-0757-4A68-9E27-90DC43C1FD0F}.Release|x86.ActiveCfg = Release|Any CPU
		{0963F6CE-0757-4A68-9E27-90DC43C1FD0F}.Release|x86.Build.0 = Release|Any CPU
		{019D0595-0143-4CC5-9BCD-920F274B0D31}.Debug|Any CPU.ActiveCfg = Debug|Any CPU
		{019D0595-0143-4CC5-9BCD-920F274B0D31}.Debug|Any CPU.Build.0 = Debug|Any CPU
		{019D0595-0143-4CC5-9BCD-920F274B0D31}.Debug|x64.ActiveCfg = Debug|Any CPU
		{019D0595-0143-4CC5-9BCD-920F274B0D31}.Debug|x64.Build.0 = Debug|Any CPU
		{019D0595-0143-4CC5-9BCD-920F274B0D31}.Debug|x86.ActiveCfg = Debug|Any CPU
		{019D0595-0143-4CC5-9BCD-920F274B0D31}.Debug|x86.Build.0 = Debug|Any CPU
		{019D0595-0143-4CC5-9BCD-920F274B0D31}.Release|Any CPU.ActiveCfg = Release|Any CPU
		{019D0595-0143-4CC5-9BCD-920F274B0D31}.Release|Any CPU.Build.0 = Release|Any CPU
		{019D0595-0143-4CC5-9BCD-920F274B0D31}.Release|x64.ActiveCfg = Release|Any CPU
		{019D0595-0143-4CC5-9BCD-920F274B0D31}.Release|x64.Build.0 = Release|Any CPU
		{019D0595-0143-4CC5-9BCD-920F274B0D31}.Release|x86.ActiveCfg = Release|Any CPU
		{019D0595-0143-4CC5-9BCD-920F274B0D31}.Release|x86.Build.0 = Release|Any CPU
		{ABF81465-F36F-42D1-9800-4803334E21A6}.Debug|Any CPU.ActiveCfg = Debug|Any CPU
		{ABF81465-F36F-42D1-9800-4803334E21A6}.Debug|Any CPU.Build.0 = Debug|Any CPU
		{ABF81465-F36F-42D1-9800-4803334E21A6}.Debug|x64.ActiveCfg = Debug|Any CPU
		{ABF81465-F36F-42D1-9800-4803334E21A6}.Debug|x64.Build.0 = Debug|Any CPU
		{ABF81465-F36F-42D1-9800-4803334E21A6}.Debug|x86.ActiveCfg = Debug|Any CPU
		{ABF81465-F36F-42D1-9800-4803334E21A6}.Debug|x86.Build.0 = Debug|Any CPU
		{ABF81465-F36F-42D1-9800-4803334E21A6}.Release|Any CPU.ActiveCfg = Release|Any CPU
		{ABF81465-F36F-42D1-9800-4803334E21A6}.Release|Any CPU.Build.0 = Release|Any CPU
		{ABF81465-F36F-42D1-9800-4803334E21A6}.Release|x64.ActiveCfg = Release|Any CPU
		{ABF81465-F36F-42D1-9800-4803334E21A6}.Release|x64.Build.0 = Release|Any CPU
		{ABF81465-F36F-42D1-9800-4803334E21A6}.Release|x86.ActiveCfg = Release|Any CPU
		{ABF81465-F36F-42D1-9800-4803334E21A6}.Release|x86.Build.0 = Release|Any CPU
		{EDA45A80-A7E5-435B-A8F0-997BFC4FA265}.Debug|Any CPU.ActiveCfg = Debug|Any CPU
		{EDA45A80-A7E5-435B-A8F0-997BFC4FA265}.Debug|Any CPU.Build.0 = Debug|Any CPU
		{EDA45A80-A7E5-435B-A8F0-997BFC4FA265}.Debug|x64.ActiveCfg = Debug|Any CPU
		{EDA45A80-A7E5-435B-A8F0-997BFC4FA265}.Debug|x64.Build.0 = Debug|Any CPU
		{EDA45A80-A7E5-435B-A8F0-997BFC4FA265}.Debug|x86.ActiveCfg = Debug|Any CPU
		{EDA45A80-A7E5-435B-A8F0-997BFC4FA265}.Debug|x86.Build.0 = Debug|Any CPU
		{EDA45A80-A7E5-435B-A8F0-997BFC4FA265}.Release|Any CPU.ActiveCfg = Release|Any CPU
		{EDA45A80-A7E5-435B-A8F0-997BFC4FA265}.Release|Any CPU.Build.0 = Release|Any CPU
		{EDA45A80-A7E5-435B-A8F0-997BFC4FA265}.Release|x64.ActiveCfg = Release|Any CPU
		{EDA45A80-A7E5-435B-A8F0-997BFC4FA265}.Release|x64.Build.0 = Release|Any CPU
		{EDA45A80-A7E5-435B-A8F0-997BFC4FA265}.Release|x86.ActiveCfg = Release|Any CPU
		{EDA45A80-A7E5-435B-A8F0-997BFC4FA265}.Release|x86.Build.0 = Release|Any CPU
		{849A560C-4BA1-4B6D-B3BC-97A99162DC91}.Debug|Any CPU.ActiveCfg = Debug|Any CPU
		{849A560C-4BA1-4B6D-B3BC-97A99162DC91}.Debug|Any CPU.Build.0 = Debug|Any CPU
		{849A560C-4BA1-4B6D-B3BC-97A99162DC91}.Debug|x64.ActiveCfg = Debug|Any CPU
		{849A560C-4BA1-4B6D-B3BC-97A99162DC91}.Debug|x64.Build.0 = Debug|Any CPU
		{849A560C-4BA1-4B6D-B3BC-97A99162DC91}.Debug|x86.ActiveCfg = Debug|Any CPU
		{849A560C-4BA1-4B6D-B3BC-97A99162DC91}.Debug|x86.Build.0 = Debug|Any CPU
		{849A560C-4BA1-4B6D-B3BC-97A99162DC91}.Release|Any CPU.ActiveCfg = Release|Any CPU
		{849A560C-4BA1-4B6D-B3BC-97A99162DC91}.Release|Any CPU.Build.0 = Release|Any CPU
		{849A560C-4BA1-4B6D-B3BC-97A99162DC91}.Release|x64.ActiveCfg = Release|Any CPU
		{849A560C-4BA1-4B6D-B3BC-97A99162DC91}.Release|x64.Build.0 = Release|Any CPU
		{849A560C-4BA1-4B6D-B3BC-97A99162DC91}.Release|x86.ActiveCfg = Release|Any CPU
		{849A560C-4BA1-4B6D-B3BC-97A99162DC91}.Release|x86.Build.0 = Release|Any CPU
		{D98F32A5-EFD2-4033-8BA6-1C67EF57918D}.Debug|Any CPU.ActiveCfg = Debug|Any CPU
		{D98F32A5-EFD2-4033-8BA6-1C67EF57918D}.Debug|Any CPU.Build.0 = Debug|Any CPU
		{D98F32A5-EFD2-4033-8BA6-1C67EF57918D}.Debug|x64.ActiveCfg = Debug|Any CPU
		{D98F32A5-EFD2-4033-8BA6-1C67EF57918D}.Debug|x64.Build.0 = Debug|Any CPU
		{D98F32A5-EFD2-4033-8BA6-1C67EF57918D}.Debug|x86.ActiveCfg = Debug|Any CPU
		{D98F32A5-EFD2-4033-8BA6-1C67EF57918D}.Debug|x86.Build.0 = Debug|Any CPU
		{D98F32A5-EFD2-4033-8BA6-1C67EF57918D}.Release|Any CPU.ActiveCfg = Release|Any CPU
		{D98F32A5-EFD2-4033-8BA6-1C67EF57918D}.Release|Any CPU.Build.0 = Release|Any CPU
		{D98F32A5-EFD2-4033-8BA6-1C67EF57918D}.Release|x64.ActiveCfg = Release|Any CPU
		{D98F32A5-EFD2-4033-8BA6-1C67EF57918D}.Release|x64.Build.0 = Release|Any CPU
		{D98F32A5-EFD2-4033-8BA6-1C67EF57918D}.Release|x86.ActiveCfg = Release|Any CPU
		{D98F32A5-EFD2-4033-8BA6-1C67EF57918D}.Release|x86.Build.0 = Release|Any CPU
		{875C0F3C-58C5-403E-B12D-9899BCEE41D2}.Debug|Any CPU.ActiveCfg = Debug|Any CPU
		{875C0F3C-58C5-403E-B12D-9899BCEE41D2}.Debug|Any CPU.Build.0 = Debug|Any CPU
		{875C0F3C-58C5-403E-B12D-9899BCEE41D2}.Debug|x64.ActiveCfg = Debug|Any CPU
		{875C0F3C-58C5-403E-B12D-9899BCEE41D2}.Debug|x64.Build.0 = Debug|Any CPU
		{875C0F3C-58C5-403E-B12D-9899BCEE41D2}.Debug|x86.ActiveCfg = Debug|Any CPU
		{875C0F3C-58C5-403E-B12D-9899BCEE41D2}.Debug|x86.Build.0 = Debug|Any CPU
		{875C0F3C-58C5-403E-B12D-9899BCEE41D2}.Release|Any CPU.ActiveCfg = Release|Any CPU
		{875C0F3C-58C5-403E-B12D-9899BCEE41D2}.Release|Any CPU.Build.0 = Release|Any CPU
		{875C0F3C-58C5-403E-B12D-9899BCEE41D2}.Release|x64.ActiveCfg = Release|Any CPU
		{875C0F3C-58C5-403E-B12D-9899BCEE41D2}.Release|x64.Build.0 = Release|Any CPU
		{875C0F3C-58C5-403E-B12D-9899BCEE41D2}.Release|x86.ActiveCfg = Release|Any CPU
		{875C0F3C-58C5-403E-B12D-9899BCEE41D2}.Release|x86.Build.0 = Release|Any CPU
		{70042FED-EDD0-44E2-ABBD-1BC95E9CCEEA}.Debug|Any CPU.ActiveCfg = Debug|Any CPU
		{70042FED-EDD0-44E2-ABBD-1BC95E9CCEEA}.Debug|Any CPU.Build.0 = Debug|Any CPU
		{70042FED-EDD0-44E2-ABBD-1BC95E9CCEEA}.Debug|x64.ActiveCfg = Debug|Any CPU
		{70042FED-EDD0-44E2-ABBD-1BC95E9CCEEA}.Debug|x64.Build.0 = Debug|Any CPU
		{70042FED-EDD0-44E2-ABBD-1BC95E9CCEEA}.Debug|x86.ActiveCfg = Debug|Any CPU
		{70042FED-EDD0-44E2-ABBD-1BC95E9CCEEA}.Debug|x86.Build.0 = Debug|Any CPU
		{70042FED-EDD0-44E2-ABBD-1BC95E9CCEEA}.Release|Any CPU.ActiveCfg = Release|Any CPU
		{70042FED-EDD0-44E2-ABBD-1BC95E9CCEEA}.Release|Any CPU.Build.0 = Release|Any CPU
		{70042FED-EDD0-44E2-ABBD-1BC95E9CCEEA}.Release|x64.ActiveCfg = Release|Any CPU
		{70042FED-EDD0-44E2-ABBD-1BC95E9CCEEA}.Release|x64.Build.0 = Release|Any CPU
		{70042FED-EDD0-44E2-ABBD-1BC95E9CCEEA}.Release|x86.ActiveCfg = Release|Any CPU
		{70042FED-EDD0-44E2-ABBD-1BC95E9CCEEA}.Release|x86.Build.0 = Release|Any CPU
		{63BBA02D-8E5E-42FC-B556-D7371FBD3C4E}.Debug|Any CPU.ActiveCfg = Debug|Any CPU
		{63BBA02D-8E5E-42FC-B556-D7371FBD3C4E}.Debug|Any CPU.Build.0 = Debug|Any CPU
		{63BBA02D-8E5E-42FC-B556-D7371FBD3C4E}.Debug|x64.ActiveCfg = Debug|Any CPU
		{63BBA02D-8E5E-42FC-B556-D7371FBD3C4E}.Debug|x64.Build.0 = Debug|Any CPU
		{63BBA02D-8E5E-42FC-B556-D7371FBD3C4E}.Debug|x86.ActiveCfg = Debug|Any CPU
		{63BBA02D-8E5E-42FC-B556-D7371FBD3C4E}.Debug|x86.Build.0 = Debug|Any CPU
		{63BBA02D-8E5E-42FC-B556-D7371FBD3C4E}.Release|Any CPU.ActiveCfg = Release|Any CPU
		{63BBA02D-8E5E-42FC-B556-D7371FBD3C4E}.Release|Any CPU.Build.0 = Release|Any CPU
		{63BBA02D-8E5E-42FC-B556-D7371FBD3C4E}.Release|x64.ActiveCfg = Release|Any CPU
		{63BBA02D-8E5E-42FC-B556-D7371FBD3C4E}.Release|x64.Build.0 = Release|Any CPU
		{63BBA02D-8E5E-42FC-B556-D7371FBD3C4E}.Release|x86.ActiveCfg = Release|Any CPU
		{63BBA02D-8E5E-42FC-B556-D7371FBD3C4E}.Release|x86.Build.0 = Release|Any CPU
	EndGlobalSection
	GlobalSection(SolutionProperties) = preSolution
		HideSolutionNode = FALSE
	EndGlobalSection
	GlobalSection(NestedProjects) = preSolution
		{5C133E0A-8A3B-48D6-AA7B-312FFE20573C} = {178F80A0-35A4-11E9-845F-E393FA6A2B6E}
		{605F55F8-4C55-4BA7-AFC8-F46EC2A6868E} = {178F80A0-35A4-11E9-845F-E393FA6A2B6E}
		{BA1F5800-D2DE-4720-9DFF-40DB76E49B28} = {178F80A0-35A4-11E9-845F-E393FA6A2B6E}
		{58FDC014-D5CC-4FA3-9568-EA73739F1E7B} = {D47F0B2F-0C54-4E07-9617-A884A6DE6FCA}
		{0963F6CE-0757-4A68-9E27-90DC43C1FD0F} = {D47F0B2F-0C54-4E07-9617-A884A6DE6FCA}
		{019D0595-0143-4CC5-9BCD-920F274B0D31} = {D47F0B2F-0C54-4E07-9617-A884A6DE6FCA}
		{0A039E04-29E6-433B-8BF8-22DF5546D751} = {33325085-F066-46C2-9507-AC287002D247}
		{25B26BAE-67EF-4493-A5A3-39DE630747A6} = {33325085-F066-46C2-9507-AC287002D247}
		{ABF81465-F36F-42D1-9800-4803334E21A6} = {33325085-F066-46C2-9507-AC287002D247}
		{EDA45A80-A7E5-435B-A8F0-997BFC4FA265} = {33325085-F066-46C2-9507-AC287002D247}
		{849A560C-4BA1-4B6D-B3BC-97A99162DC91} = {33325085-F066-46C2-9507-AC287002D247}
		{D98F32A5-EFD2-4033-8BA6-1C67EF57918D} = {FCB6595A-106A-4AE5-A409-D341CE977AC0}
		{875C0F3C-58C5-403E-B12D-9899BCEE41D2} = {FCB6595A-106A-4AE5-A409-D341CE977AC0}
		{70042FED-EDD0-44E2-ABBD-1BC95E9CCEEA} = {077A626C-44DD-41D9-971B-3D429A0E9645}
		{63BBA02D-8E5E-42FC-B556-D7371FBD3C4E} = {077A626C-44DD-41D9-971B-3D429A0E9645}
	EndGlobalSection
	GlobalSection(ExtensibilityGlobals) = postSolution
		SolutionGuid = {3D1EDE68-97CE-46D9-BE46-11D7D52EB9AC}
	EndGlobalSection
EndGlobal
