
Microsoft Visual Studio Solution File, Format Version 12.00
# Visual Studio 15
VisualStudioVersion = 15.0.26124.0
MinimumVisualStudioVersion = 15.0.26124.0
Project("{9A19103F-16F7-4668-BE54-9A1E7A4F7556}") = "Survey.Protocols", "Survey.Protocols\Survey.Protocols.csproj", "{76D4B726-4EB1-45DC-9288-6113A2F11D60}"
EndProject
Project("{2150E333-8FDC-42A3-9474-1A3956D46DE8}") = "Services", "Services", "{331DEB9F-A12B-4360-BA53-DB62607EE5EB}"
EndProject
Project("{9A19103F-16F7-4668-BE54-9A1E7A4F7556}") = "Survey.Impl.APaperService", "Services\Survey.Impl.APaperService\Survey.Impl.APaperService.csproj", "{551B88D2-DB79-4E74-9C0E-869CBCD912E8}"
EndProject
Project("{9A19103F-16F7-4668-BE54-9A1E7A4F7556}") = "Survey.Core", "Survey.Core\Survey.Core.csproj", "{E1BB1086-A0F2-4370-8B13-71B37BC26BD7}"
EndProject
Project("{9A19103F-16F7-4668-BE54-9A1E7A4F7556}") = "Survey.Models", "Survey.Models\Survey.Models.csproj", "{5F283438-6910-40FB-A54B-BED7F8D2A7EA}"
EndProject
Project("{9A19103F-16F7-4668-BE54-9A1E7A4F7556}") = "Survey.Impl.QPaperService", "Services\Survey.Impl.QPaperService\Survey.Impl.QPaperService.csproj", "{9D0726B8-B1D3-485B-8866-BD19B3DAB58D}"
EndProject
Project("{2150E333-8FDC-42A3-9474-1A3956D46DE8}") = "Hosts", "Hosts", "{5B9FFD1B-C9DF-489A-9D79-D996C20282DC}"
EndProject
Project("{9A19103F-16F7-4668-BE54-9A1E7A4F7556}") = "SurveyGateway", "Hosts\SurveyGateway\SurveyGateway.csproj", "{6A2CC33F-0CD5-4512-98EC-83239762136B}"
EndProject
Project("{9A19103F-16F7-4668-BE54-9A1E7A4F7556}") = "SurveyServerHost", "Hosts\SurveyServerHost\SurveyServerHost.csproj", "{7B35AA67-DF11-4275-966E-5152D40D6FB3}"
EndProject
Project("{2150E333-8FDC-42A3-9474-1A3956D46DE8}") = "Tests", "Tests", "{E93B59E8-F8F8-4C4D-B744-4A14292F1C31}"
EndProject
Project("{9A19103F-16F7-4668-BE54-9A1E7A4F7556}") = "Survey.Impl.UserService", "Services\Survey.Impl.UserService\Survey.Impl.UserService.csproj", "{C8AA016D-FA28-433F-8A61-9B422A66B1E9}"
EndProject
Project("{9A19103F-16F7-4668-BE54-9A1E7A4F7556}") = "QuickTest", "QuickTest\QuickTest.csproj", "{4D953507-0C3E-446B-9A6D-EB66BBFFCDE4}"
EndProject
Global
	GlobalSection(SolutionConfigurationPlatforms) = preSolution
		Debug|Any CPU = Debug|Any CPU
		Debug|x64 = Debug|x64
		Debug|x86 = Debug|x86
		Release|Any CPU = Release|Any CPU
		Release|x64 = Release|x64
		Release|x86 = Release|x86
	EndGlobalSection
	GlobalSection(ProjectConfigurationPlatforms) = postSolution
		{76D4B726-4EB1-45DC-9288-6113A2F11D60}.Debug|Any CPU.ActiveCfg = Debug|Any CPU
		{76D4B726-4EB1-45DC-9288-6113A2F11D60}.Debug|Any CPU.Build.0 = Debug|Any CPU
		{76D4B726-4EB1-45DC-9288-6113A2F11D60}.Debug|x64.ActiveCfg = Debug|Any CPU
		{76D4B726-4EB1-45DC-9288-6113A2F11D60}.Debug|x64.Build.0 = Debug|Any CPU
		{76D4B726-4EB1-45DC-9288-6113A2F11D60}.Debug|x86.ActiveCfg = Debug|Any CPU
		{76D4B726-4EB1-45DC-9288-6113A2F11D60}.Debug|x86.Build.0 = Debug|Any CPU
		{76D4B726-4EB1-45DC-9288-6113A2F11D60}.Release|Any CPU.ActiveCfg = Release|Any CPU
		{76D4B726-4EB1-45DC-9288-6113A2F11D60}.Release|Any CPU.Build.0 = Release|Any CPU
		{76D4B726-4EB1-45DC-9288-6113A2F11D60}.Release|x64.ActiveCfg = Release|Any CPU
		{76D4B726-4EB1-45DC-9288-6113A2F11D60}.Release|x64.Build.0 = Release|Any CPU
		{76D4B726-4EB1-45DC-9288-6113A2F11D60}.Release|x86.ActiveCfg = Release|Any CPU
		{76D4B726-4EB1-45DC-9288-6113A2F11D60}.Release|x86.Build.0 = Release|Any CPU
		{551B88D2-DB79-4E74-9C0E-869CBCD912E8}.Debug|Any CPU.ActiveCfg = Debug|Any CPU
		{551B88D2-DB79-4E74-9C0E-869CBCD912E8}.Debug|Any CPU.Build.0 = Debug|Any CPU
		{551B88D2-DB79-4E74-9C0E-869CBCD912E8}.Debug|x64.ActiveCfg = Debug|Any CPU
		{551B88D2-DB79-4E74-9C0E-869CBCD912E8}.Debug|x64.Build.0 = Debug|Any CPU
		{551B88D2-DB79-4E74-9C0E-869CBCD912E8}.Debug|x86.ActiveCfg = Debug|Any CPU
		{551B88D2-DB79-4E74-9C0E-869CBCD912E8}.Debug|x86.Build.0 = Debug|Any CPU
		{551B88D2-DB79-4E74-9C0E-869CBCD912E8}.Release|Any CPU.ActiveCfg = Release|Any CPU
		{551B88D2-DB79-4E74-9C0E-869CBCD912E8}.Release|Any CPU.Build.0 = Release|Any CPU
		{551B88D2-DB79-4E74-9C0E-869CBCD912E8}.Release|x64.ActiveCfg = Release|Any CPU
		{551B88D2-DB79-4E74-9C0E-869CBCD912E8}.Release|x64.Build.0 = Release|Any CPU
		{551B88D2-DB79-4E74-9C0E-869CBCD912E8}.Release|x86.ActiveCfg = Release|Any CPU
		{551B88D2-DB79-4E74-9C0E-869CBCD912E8}.Release|x86.Build.0 = Release|Any CPU
		{E1BB1086-A0F2-4370-8B13-71B37BC26BD7}.Debug|Any CPU.ActiveCfg = Debug|Any CPU
		{E1BB1086-A0F2-4370-8B13-71B37BC26BD7}.Debug|Any CPU.Build.0 = Debug|Any CPU
		{E1BB1086-A0F2-4370-8B13-71B37BC26BD7}.Debug|x64.ActiveCfg = Debug|Any CPU
		{E1BB1086-A0F2-4370-8B13-71B37BC26BD7}.Debug|x64.Build.0 = Debug|Any CPU
		{E1BB1086-A0F2-4370-8B13-71B37BC26BD7}.Debug|x86.ActiveCfg = Debug|Any CPU
		{E1BB1086-A0F2-4370-8B13-71B37BC26BD7}.Debug|x86.Build.0 = Debug|Any CPU
		{E1BB1086-A0F2-4370-8B13-71B37BC26BD7}.Release|Any CPU.ActiveCfg = Release|Any CPU
		{E1BB1086-A0F2-4370-8B13-71B37BC26BD7}.Release|Any CPU.Build.0 = Release|Any CPU
		{E1BB1086-A0F2-4370-8B13-71B37BC26BD7}.Release|x64.ActiveCfg = Release|Any CPU
		{E1BB1086-A0F2-4370-8B13-71B37BC26BD7}.Release|x64.Build.0 = Release|Any CPU
		{E1BB1086-A0F2-4370-8B13-71B37BC26BD7}.Release|x86.ActiveCfg = Release|Any CPU
		{E1BB1086-A0F2-4370-8B13-71B37BC26BD7}.Release|x86.Build.0 = Release|Any CPU
		{5F283438-6910-40FB-A54B-BED7F8D2A7EA}.Debug|Any CPU.ActiveCfg = Debug|Any CPU
		{5F283438-6910-40FB-A54B-BED7F8D2A7EA}.Debug|Any CPU.Build.0 = Debug|Any CPU
		{5F283438-6910-40FB-A54B-BED7F8D2A7EA}.Debug|x64.ActiveCfg = Debug|Any CPU
		{5F283438-6910-40FB-A54B-BED7F8D2A7EA}.Debug|x64.Build.0 = Debug|Any CPU
		{5F283438-6910-40FB-A54B-BED7F8D2A7EA}.Debug|x86.ActiveCfg = Debug|Any CPU
		{5F283438-6910-40FB-A54B-BED7F8D2A7EA}.Debug|x86.Build.0 = Debug|Any CPU
		{5F283438-6910-40FB-A54B-BED7F8D2A7EA}.Release|Any CPU.ActiveCfg = Release|Any CPU
		{5F283438-6910-40FB-A54B-BED7F8D2A7EA}.Release|Any CPU.Build.0 = Release|Any CPU
		{5F283438-6910-40FB-A54B-BED7F8D2A7EA}.Release|x64.ActiveCfg = Release|Any CPU
		{5F283438-6910-40FB-A54B-BED7F8D2A7EA}.Release|x64.Build.0 = Release|Any CPU
		{5F283438-6910-40FB-A54B-BED7F8D2A7EA}.Release|x86.ActiveCfg = Release|Any CPU
		{5F283438-6910-40FB-A54B-BED7F8D2A7EA}.Release|x86.Build.0 = Release|Any CPU
		{9D0726B8-B1D3-485B-8866-BD19B3DAB58D}.Debug|Any CPU.ActiveCfg = Debug|Any CPU
		{9D0726B8-B1D3-485B-8866-BD19B3DAB58D}.Debug|Any CPU.Build.0 = Debug|Any CPU
		{9D0726B8-B1D3-485B-8866-BD19B3DAB58D}.Debug|x64.ActiveCfg = Debug|Any CPU
		{9D0726B8-B1D3-485B-8866-BD19B3DAB58D}.Debug|x64.Build.0 = Debug|Any CPU
		{9D0726B8-B1D3-485B-8866-BD19B3DAB58D}.Debug|x86.ActiveCfg = Debug|Any CPU
		{9D0726B8-B1D3-485B-8866-BD19B3DAB58D}.Debug|x86.Build.0 = Debug|Any CPU
		{9D0726B8-B1D3-485B-8866-BD19B3DAB58D}.Release|Any CPU.ActiveCfg = Release|Any CPU
		{9D0726B8-B1D3-485B-8866-BD19B3DAB58D}.Release|Any CPU.Build.0 = Release|Any CPU
		{9D0726B8-B1D3-485B-8866-BD19B3DAB58D}.Release|x64.ActiveCfg = Release|Any CPU
		{9D0726B8-B1D3-485B-8866-BD19B3DAB58D}.Release|x64.Build.0 = Release|Any CPU
		{9D0726B8-B1D3-485B-8866-BD19B3DAB58D}.Release|x86.ActiveCfg = Release|Any CPU
		{9D0726B8-B1D3-485B-8866-BD19B3DAB58D}.Release|x86.Build.0 = Release|Any CPU
		{6A2CC33F-0CD5-4512-98EC-83239762136B}.Debug|Any CPU.ActiveCfg = Debug|Any CPU
		{6A2CC33F-0CD5-4512-98EC-83239762136B}.Debug|Any CPU.Build.0 = Debug|Any CPU
		{6A2CC33F-0CD5-4512-98EC-83239762136B}.Debug|x64.ActiveCfg = Debug|Any CPU
		{6A2CC33F-0CD5-4512-98EC-83239762136B}.Debug|x64.Build.0 = Debug|Any CPU
		{6A2CC33F-0CD5-4512-98EC-83239762136B}.Debug|x86.ActiveCfg = Debug|Any CPU
		{6A2CC33F-0CD5-4512-98EC-83239762136B}.Debug|x86.Build.0 = Debug|Any CPU
		{6A2CC33F-0CD5-4512-98EC-83239762136B}.Release|Any CPU.ActiveCfg = Release|Any CPU
		{6A2CC33F-0CD5-4512-98EC-83239762136B}.Release|Any CPU.Build.0 = Release|Any CPU
		{6A2CC33F-0CD5-4512-98EC-83239762136B}.Release|x64.ActiveCfg = Release|Any CPU
		{6A2CC33F-0CD5-4512-98EC-83239762136B}.Release|x64.Build.0 = Release|Any CPU
		{6A2CC33F-0CD5-4512-98EC-83239762136B}.Release|x86.ActiveCfg = Release|Any CPU
		{6A2CC33F-0CD5-4512-98EC-83239762136B}.Release|x86.Build.0 = Release|Any CPU
		{7B35AA67-DF11-4275-966E-5152D40D6FB3}.Debug|Any CPU.ActiveCfg = Debug|Any CPU
		{7B35AA67-DF11-4275-966E-5152D40D6FB3}.Debug|Any CPU.Build.0 = Debug|Any CPU
		{7B35AA67-DF11-4275-966E-5152D40D6FB3}.Debug|x64.ActiveCfg = Debug|Any CPU
		{7B35AA67-DF11-4275-966E-5152D40D6FB3}.Debug|x64.Build.0 = Debug|Any CPU
		{7B35AA67-DF11-4275-966E-5152D40D6FB3}.Debug|x86.ActiveCfg = Debug|Any CPU
		{7B35AA67-DF11-4275-966E-5152D40D6FB3}.Debug|x86.Build.0 = Debug|Any CPU
		{7B35AA67-DF11-4275-966E-5152D40D6FB3}.Release|Any CPU.ActiveCfg = Release|Any CPU
		{7B35AA67-DF11-4275-966E-5152D40D6FB3}.Release|Any CPU.Build.0 = Release|Any CPU
		{7B35AA67-DF11-4275-966E-5152D40D6FB3}.Release|x64.ActiveCfg = Release|Any CPU
		{7B35AA67-DF11-4275-966E-5152D40D6FB3}.Release|x64.Build.0 = Release|Any CPU
		{7B35AA67-DF11-4275-966E-5152D40D6FB3}.Release|x86.ActiveCfg = Release|Any CPU
		{7B35AA67-DF11-4275-966E-5152D40D6FB3}.Release|x86.Build.0 = Release|Any CPU
		{C8AA016D-FA28-433F-8A61-9B422A66B1E9}.Debug|Any CPU.ActiveCfg = Debug|Any CPU
		{C8AA016D-FA28-433F-8A61-9B422A66B1E9}.Debug|Any CPU.Build.0 = Debug|Any CPU
		{C8AA016D-FA28-433F-8A61-9B422A66B1E9}.Debug|x64.ActiveCfg = Debug|Any CPU
		{C8AA016D-FA28-433F-8A61-9B422A66B1E9}.Debug|x64.Build.0 = Debug|Any CPU
		{C8AA016D-FA28-433F-8A61-9B422A66B1E9}.Debug|x86.ActiveCfg = Debug|Any CPU
		{C8AA016D-FA28-433F-8A61-9B422A66B1E9}.Debug|x86.Build.0 = Debug|Any CPU
		{C8AA016D-FA28-433F-8A61-9B422A66B1E9}.Release|Any CPU.ActiveCfg = Release|Any CPU
		{C8AA016D-FA28-433F-8A61-9B422A66B1E9}.Release|Any CPU.Build.0 = Release|Any CPU
		{C8AA016D-FA28-433F-8A61-9B422A66B1E9}.Release|x64.ActiveCfg = Release|Any CPU
		{C8AA016D-FA28-433F-8A61-9B422A66B1E9}.Release|x64.Build.0 = Release|Any CPU
		{C8AA016D-FA28-433F-8A61-9B422A66B1E9}.Release|x86.ActiveCfg = Release|Any CPU
		{C8AA016D-FA28-433F-8A61-9B422A66B1E9}.Release|x86.Build.0 = Release|Any CPU
		{4D953507-0C3E-446B-9A6D-EB66BBFFCDE4}.Debug|Any CPU.ActiveCfg = Debug|Any CPU
		{4D953507-0C3E-446B-9A6D-EB66BBFFCDE4}.Debug|Any CPU.Build.0 = Debug|Any CPU
		{4D953507-0C3E-446B-9A6D-EB66BBFFCDE4}.Debug|x64.ActiveCfg = Debug|Any CPU
		{4D953507-0C3E-446B-9A6D-EB66BBFFCDE4}.Debug|x64.Build.0 = Debug|Any CPU
		{4D953507-0C3E-446B-9A6D-EB66BBFFCDE4}.Debug|x86.ActiveCfg = Debug|Any CPU
		{4D953507-0C3E-446B-9A6D-EB66BBFFCDE4}.Debug|x86.Build.0 = Debug|Any CPU
		{4D953507-0C3E-446B-9A6D-EB66BBFFCDE4}.Release|Any CPU.ActiveCfg = Release|Any CPU
		{4D953507-0C3E-446B-9A6D-EB66BBFFCDE4}.Release|Any CPU.Build.0 = Release|Any CPU
		{4D953507-0C3E-446B-9A6D-EB66BBFFCDE4}.Release|x64.ActiveCfg = Release|Any CPU
		{4D953507-0C3E-446B-9A6D-EB66BBFFCDE4}.Release|x64.Build.0 = Release|Any CPU
		{4D953507-0C3E-446B-9A6D-EB66BBFFCDE4}.Release|x86.ActiveCfg = Release|Any CPU
		{4D953507-0C3E-446B-9A6D-EB66BBFFCDE4}.Release|x86.Build.0 = Release|Any CPU
	EndGlobalSection
	GlobalSection(SolutionProperties) = preSolution
		HideSolutionNode = FALSE
	EndGlobalSection
	GlobalSection(NestedProjects) = preSolution
		{551B88D2-DB79-4E74-9C0E-869CBCD912E8} = {331DEB9F-A12B-4360-BA53-DB62607EE5EB}
		{9D0726B8-B1D3-485B-8866-BD19B3DAB58D} = {331DEB9F-A12B-4360-BA53-DB62607EE5EB}
		{6A2CC33F-0CD5-4512-98EC-83239762136B} = {5B9FFD1B-C9DF-489A-9D79-D996C20282DC}
		{7B35AA67-DF11-4275-966E-5152D40D6FB3} = {5B9FFD1B-C9DF-489A-9D79-D996C20282DC}
		{C8AA016D-FA28-433F-8A61-9B422A66B1E9} = {331DEB9F-A12B-4360-BA53-DB62607EE5EB}
		{4D953507-0C3E-446B-9A6D-EB66BBFFCDE4} = {E93B59E8-F8F8-4C4D-B744-4A14292F1C31}
	EndGlobalSection
	GlobalSection(ExtensibilityGlobals) = postSolution
		SolutionGuid = {30625754-094A-43F2-BFD2-314347DF59AA}
	EndGlobalSection
EndGlobal
